
Microsoft Visual Studio Solution File, Format Version 12.00
# Visual Studio 14
VisualStudioVersion = 14.0.25123.0
MinimumVisualStudioVersion = 10.0.40219.1
Project("{FAE04EC0-301F-11D3-BF4B-00C04F79EFBC}") = "DbDocumentMaker", "DbDocumentMaker\DbDocumentMaker.csproj", "{AF48FFCB-11B2-4294-B986-58E7908D07BC}"
EndProject
Global
	GlobalSection(SolutionConfigurationPlatforms) = preSolution
		Debug|Any CPU = Debug|Any CPU
		Release|Any CPU = Release|Any CPU
	EndGlobalSection
	GlobalSection(ProjectConfigurationPlatforms) = postSolution
		{AF48FFCB-11B2-4294-B986-58E7908D07BC}.Debug|Any CPU.ActiveCfg = Debug|Any CPU
		{AF48FFCB-11B2-4294-B986-58E7908D07BC}.Debug|Any CPU.Build.0 = Debug|Any CPU
		{AF48FFCB-11B2-4294-B986-58E7908D07BC}.Release|Any CPU.ActiveCfg = Release|Any CPU
		{AF48FFCB-11B2-4294-B986-58E7908D07BC}.Release|Any CPU.Build.0 = Release|Any CPU
	EndGlobalSection
	GlobalSection(SolutionProperties) = preSolution
		HideSolutionNode = FALSE
	EndGlobalSection
EndGlobal
